// !$*UTF8*$!
{
	archiveVersion = 1;
	classes = {
	};
	objectVersion = 46;
	objects = {

/* Begin PBXBuildFile section */
		BB9EB9C91D604A8D0024F4A2 /* AppDelegate.swift in Sources */ = {isa = PBXBuildFile; fileRef = BB9EB9C81D604A8D0024F4A2 /* AppDelegate.swift */; };
		BB9EB9CB1D604A8D0024F4A2 /* ViewController.swift in Sources */ = {isa = PBXBuildFile; fileRef = BB9EB9CA1D604A8D0024F4A2 /* ViewController.swift */; };
		BB9EB9CE1D604A8D0024F4A2 /* Main.storyboard in Resources */ = {isa = PBXBuildFile; fileRef = BB9EB9CC1D604A8D0024F4A2 /* Main.storyboard */; };
		BB9EB9D11D604A8D0024F4A2 /* FinalProjectMedication.xcdatamodeld in Sources */ = {isa = PBXBuildFile; fileRef = BB9EB9CF1D604A8D0024F4A2 /* FinalProjectMedication.xcdatamodeld */; };
		BB9EB9D31D604A8D0024F4A2 /* Assets.xcassets in Resources */ = {isa = PBXBuildFile; fileRef = BB9EB9D21D604A8D0024F4A2 /* Assets.xcassets */; };
		BB9EB9D61D604A8D0024F4A2 /* LaunchScreen.storyboard in Resources */ = {isa = PBXBuildFile; fileRef = BB9EB9D41D604A8D0024F4A2 /* LaunchScreen.storyboard */; };
		BB9EB9E11D604A8E0024F4A2 /* FinalProjectMedicationTests.swift in Sources */ = {isa = PBXBuildFile; fileRef = BB9EB9E01D604A8E0024F4A2 /* FinalProjectMedicationTests.swift */; };
/* End PBXBuildFile section */

/* Begin PBXContainerItemProxy section */
		BB9EB9DD1D604A8E0024F4A2 /* PBXContainerItemProxy */ = {
			isa = PBXContainerItemProxy;
			containerPortal = BB9EB9BD1D604A8D0024F4A2 /* Project object */;
			proxyType = 1;
			remoteGlobalIDString = BB9EB9C41D604A8D0024F4A2;
			remoteInfo = FinalProjectMedication;
		};
/* End PBXContainerItemProxy section */

/* Begin PBXFileReference section */
		BB9EB9C51D604A8D0024F4A2 /* FinalProjectMedication.app */ = {isa = PBXFileReference; explicitFileType = wrapper.application; includeInIndex = 0; path = FinalProjectMedication.app; sourceTree = BUILT_PRODUCTS_DIR; };
		BB9EB9C81D604A8D0024F4A2 /* AppDelegate.swift */ = {isa = PBXFileReference; lastKnownFileType = sourcecode.swift; path = AppDelegate.swift; sourceTree = "<group>"; };
		BB9EB9CA1D604A8D0024F4A2 /* ViewController.swift */ = {isa = PBXFileReference; lastKnownFileType = sourcecode.swift; path = ViewController.swift; sourceTree = "<group>"; };
		BB9EB9CD1D604A8D0024F4A2 /* Base */ = {isa = PBXFileReference; lastKnownFileType = file.storyboard; name = Base; path = Base.lproj/Main.storyboard; sourceTree = "<group>"; };
		BB9EB9D01D604A8D0024F4A2 /* FinalProjectMedication.xcdatamodel */ = {isa = PBXFileReference; lastKnownFileType = wrapper.xcdatamodel; path = FinalProjectMedication.xcdatamodel; sourceTree = "<group>"; };
		BB9EB9D21D604A8D0024F4A2 /* Assets.xcassets */ = {isa = PBXFileReference; lastKnownFileType = folder.assetcatalog; path = Assets.xcassets; sourceTree = "<group>"; };
		BB9EB9D51D604A8D0024F4A2 /* Base */ = {isa = PBXFileReference; lastKnownFileType = file.storyboard; name = Base; path = Base.lproj/LaunchScreen.storyboard; sourceTree = "<group>"; };
		BB9EB9D71D604A8D0024F4A2 /* Info.plist */ = {isa = PBXFileReference; lastKnownFileType = text.plist.xml; path = Info.plist; sourceTree = "<group>"; };
		BB9EB9DC1D604A8E0024F4A2 /* FinalProjectMedicationTests.xctest */ = {isa = PBXFileReference; explicitFileType = wrapper.cfbundle; includeInIndex = 0; path = FinalProjectMedicationTests.xctest; sourceTree = BUILT_PRODUCTS_DIR; };
		BB9EB9E01D604A8E0024F4A2 /* FinalProjectMedicationTests.swift */ = {isa = PBXFileReference; lastKnownFileType = sourcecode.swift; path = FinalProjectMedicationTests.swift; sourceTree = "<group>"; };
		BB9EB9E21D604A8E0024F4A2 /* Info.plist */ = {isa = PBXFileReference; lastKnownFileType = text.plist.xml; path = Info.plist; sourceTree = "<group>"; };
/* End PBXFileReference section */

/* Begin PBXFrameworksBuildPhase section */
		BB9EB9C21D604A8D0024F4A2 /* Frameworks */ = {
			isa = PBXFrameworksBuildPhase;
			buildActionMask = 2147483647;
			files = (
			);
			runOnlyForDeploymentPostprocessing = 0;
		};
		BB9EB9D91D604A8E0024F4A2 /* Frameworks */ = {
			isa = PBXFrameworksBuildPhase;
			buildActionMask = 2147483647;
			files = (
			);
			runOnlyForDeploymentPostprocessing = 0;
		};
/* End PBXFrameworksBuildPhase section */

/* Begin PBXGroup section */
		BB9EB9BC1D604A8D0024F4A2 = {
			isa = PBXGroup;
			children = (
				BB9EB9C71D604A8D0024F4A2 /* FinalProjectMedication */,
				BB9EB9DF1D604A8E0024F4A2 /* FinalProjectMedicationTests */,
				BB9EB9C61D604A8D0024F4A2 /* Products */,
			);
			sourceTree = "<group>";
		};
		BB9EB9C61D604A8D0024F4A2 /* Products */ = {
			isa = PBXGroup;
			children = (
				BB9EB9C51D604A8D0024F4A2 /* FinalProjectMedication.app */,
				BB9EB9DC1D604A8E0024F4A2 /* FinalProjectMedicationTests.xctest */,
			);
			name = Products;
			sourceTree = "<group>";
		};
		BB9EB9C71D604A8D0024F4A2 /* FinalProjectMedication */ = {
			isa = PBXGroup;
			children = (
				BB9EB9C81D604A8D0024F4A2 /* AppDelegate.swift */,
				BB9EB9CA1D604A8D0024F4A2 /* ViewController.swift */,
				BB9EB9CC1D604A8D0024F4A2 /* Main.storyboard */,
				BB9EB9D21D604A8D0024F4A2 /* Assets.xcassets */,
				BB9EB9D41D604A8D0024F4A2 /* LaunchScreen.storyboard */,
				BB9EB9D71D604A8D0024F4A2 /* Info.plist */,
				BB9EB9CF1D604A8D0024F4A2 /* FinalProjectMedication.xcdatamodeld */,
			);
			path = FinalProjectMedication;
			sourceTree = "<group>";
		};
		BB9EB9DF1D604A8E0024F4A2 /* FinalProjectMedicationTests */ = {
			isa = PBXGroup;
			children = (
				BB9EB9E01D604A8E0024F4A2 /* FinalProjectMedicationTests.swift */,
				BB9EB9E21D604A8E0024F4A2 /* Info.plist */,
			);
			path = FinalProjectMedicationTests;
			sourceTree = "<group>";
		};
/* End PBXGroup section */

/* Begin PBXNativeTarget section */
		BB9EB9C41D604A8D0024F4A2 /* FinalProjectMedication */ = {
			isa = PBXNativeTarget;
			buildConfigurationList = BB9EB9E51D604A8E0024F4A2 /* Build configuration list for PBXNativeTarget "FinalProjectMedication" */;
			buildPhases = (
				BB9EB9C11D604A8D0024F4A2 /* Sources */,
				BB9EB9C21D604A8D0024F4A2 /* Frameworks */,
				BB9EB9C31D604A8D0024F4A2 /* Resources */,
			);
			buildRules = (
			);
			dependencies = (
			);
			name = FinalProjectMedication;
			productName = FinalProjectMedication;
			productReference = BB9EB9C51D604A8D0024F4A2 /* FinalProjectMedication.app */;
			productType = "com.apple.product-type.application";
		};
		BB9EB9DB1D604A8E0024F4A2 /* FinalProjectMedicationTests */ = {
			isa = PBXNativeTarget;
			buildConfigurationList = BB9EB9E81D604A8E0024F4A2 /* Build configuration list for PBXNativeTarget "FinalProjectMedicationTests" */;
			buildPhases = (
				BB9EB9D81D604A8E0024F4A2 /* Sources */,
				BB9EB9D91D604A8E0024F4A2 /* Frameworks */,
				BB9EB9DA1D604A8E0024F4A2 /* Resources */,
			);
			buildRules = (
			);
			dependencies = (
				BB9EB9DE1D604A8E0024F4A2 /* PBXTargetDependency */,
			);
			name = FinalProjectMedicationTests;
			productName = FinalProjectMedicationTests;
			productReference = BB9EB9DC1D604A8E0024F4A2 /* FinalProjectMedicationTests.xctest */;
			productType = "com.apple.product-type.bundle.unit-test";
		};
/* End PBXNativeTarget section */

/* Begin PBXProject section */
		BB9EB9BD1D604A8D0024F4A2 /* Project object */ = {
			isa = PBXProject;
			attributes = {
				LastSwiftUpdateCheck = 0730;
				LastUpgradeCheck = 0730;
				ORGANIZATIONNAME = "abrahim abrahao";
				TargetAttributes = {
					BB9EB9C41D604A8D0024F4A2 = {
						CreatedOnToolsVersion = 7.3.1;
					};
					BB9EB9DB1D604A8E0024F4A2 = {
						CreatedOnToolsVersion = 7.3.1;
						TestTargetID = BB9EB9C41D604A8D0024F4A2;
					};
				};
			};
			buildConfigurationList = BB9EB9C01D604A8D0024F4A2 /* Build configuration list for PBXProject "FinalProjectMedication" */;
			compatibilityVersion = "Xcode 3.2";
			developmentRegion = English;
			hasScannedForEncodings = 0;
			knownRegions = (
				en,
				Base,
			);
			mainGroup = BB9EB9BC1D604A8D0024F4A2;
			productRefGroup = BB9EB9C61D604A8D0024F4A2 /* Products */;
			projectDirPath = "";
			projectRoot = "";
			targets = (
				BB9EB9C41D604A8D0024F4A2 /* FinalProjectMedication */,
				BB9EB9DB1D604A8E0024F4A2 /* FinalProjectMedicationTests */,
			);
		};
/* End PBXProject section */

/* Begin PBXResourcesBuildPhase section */
		BB9EB9C31D604A8D0024F4A2 /* Resources */ = {
			isa = PBXResourcesBuildPhase;
			buildActionMask = 2147483647;
			files = (
				BB9EB9D61D604A8D0024F4A2 /* LaunchScreen.storyboard in Resources */,
				BB9EB9D31D604A8D0024F4A2 /* Assets.xcassets in Resources */,
				BB9EB9CE1D604A8D0024F4A2 /* Main.storyboard in Resources */,
			);
			runOnlyForDeploymentPostprocessing = 0;
		};
		BB9EB9DA1D604A8E0024F4A2 /* Resources */ = {
			isa = PBXResourcesBuildPhase;
			buildActionMask = 2147483647;
			files = (
			);
			runOnlyForDeploymentPostprocessing = 0;
		};
/* End PBXResourcesBuildPhase section */

/* Begin PBXSourcesBuildPhase section */
		BB9EB9C11D604A8D0024F4A2 /* Sources */ = {
			isa = PBXSourcesBuildPhase;
			buildActionMask = 2147483647;
			files = (
				BB9EB9D11D604A8D0024F4A2 /* FinalProjectMedication.xcdatamodeld in Sources */,
				BB9EB9CB1D604A8D0024F4A2 /* ViewController.swift in Sources */,
				BB9EB9C91D604A8D0024F4A2 /* AppDelegate.swift in Sources */,
			);
			runOnlyForDeploymentPostprocessing = 0;
		};
		BB9EB9D81D604A8E0024F4A2 /* Sources */ = {
			isa = PBXSourcesBuildPhase;
			buildActionMask = 2147483647;
			files = (
				BB9EB9E11D604A8E0024F4A2 /* FinalProjectMedicationTests.swift in Sources */,
			);
			runOnlyForDeploymentPostprocessing = 0;
		};
/* End PBXSourcesBuildPhase section */

/* Begin PBXTargetDependency section */
		BB9EB9DE1D604A8E0024F4A2 /* PBXTargetDependency */ = {
			isa = PBXTargetDependency;
			target = BB9EB9C41D604A8D0024F4A2 /* FinalProjectMedication */;
			targetProxy = BB9EB9DD1D604A8E0024F4A2 /* PBXContainerItemProxy */;
		};
/* End PBXTargetDependency section */

/* Begin PBXVariantGroup section */
		BB9EB9CC1D604A8D0024F4A2 /* Main.storyboard */ = {
			isa = PBXVariantGroup;
			children = (
				BB9EB9CD1D604A8D0024F4A2 /* Base */,
			);
			name = Main.storyboard;
			sourceTree = "<group>";
		};
		BB9EB9D41D604A8D0024F4A2 /* LaunchScreen.storyboard */ = {
			isa = PBXVariantGroup;
			children = (
				BB9EB9D51D604A8D0024F4A2 /* Base */,
			);
			name = LaunchScreen.storyboard;
			sourceTree = "<group>";
		};
/* End PBXVariantGroup section */

/* Begin XCBuildConfiguration section */
		BB9EB9E31D604A8E0024F4A2 /* Debug */ = {
			isa = XCBuildConfiguration;
			buildSettings = {
				ALWAYS_SEARCH_USER_PATHS = NO;
				CLANG_ANALYZER_NONNULL = YES;
				CLANG_CXX_LANGUAGE_STANDARD = "gnu++0x";
				CLANG_CXX_LIBRARY = "libc++";
				CLANG_ENABLE_MODULES = YES;
				CLANG_ENABLE_OBJC_ARC = YES;
				CLANG_WARN_BOOL_CONVERSION = YES;
				CLANG_WARN_CONSTANT_CONVERSION = YES;
				CLANG_WARN_DIRECT_OBJC_ISA_USAGE = YES_ERROR;
				CLANG_WARN_EMPTY_BODY = YES;
				CLANG_WARN_ENUM_CONVERSION = YES;
				CLANG_WARN_INT_CONVERSION = YES;
				CLANG_WARN_OBJC_ROOT_CLASS = YES_ERROR;
				CLANG_WARN_UNREACHABLE_CODE = YES;
				CLANG_WARN__DUPLICATE_METHOD_MATCH = YES;
				"CODE_SIGN_IDENTITY[sdk=iphoneos*]" = "iPhone Developer";
				COPY_PHASE_STRIP = NO;
				DEBUG_INFORMATION_FORMAT = dwarf;
				ENABLE_STRICT_OBJC_MSGSEND = YES;
				ENABLE_TESTABILITY = YES;
				GCC_C_LANGUAGE_STANDARD = gnu99;
				GCC_DYNAMIC_NO_PIC = NO;
				GCC_NO_COMMON_BLOCKS = YES;
				GCC_OPTIMIZATION_LEVEL = 0;
				GCC_PREPROCESSOR_DEFINITIONS = (
					"DEBUG=1",
					"$(inherited)",
				);
				GCC_WARN_64_TO_32_BIT_CONVERSION = YES;
				GCC_WARN_ABOUT_RETURN_TYPE = YES_ERROR;
				GCC_WARN_UNDECLARED_SELECTOR = YES;
				GCC_WARN_UNINITIALIZED_AUTOS = YES_AGGRESSIVE;
				GCC_WARN_UNUSED_FUNCTION = YES;
				GCC_WARN_UNUSED_VARIABLE = YES;
				IPHONEOS_DEPLOYMENT_TARGET = 9.3;
				MTL_ENABLE_DEBUG_INFO = YES;
				ONLY_ACTIVE_ARCH = YES;
				SDKROOT = iphoneos;
				SWIFT_OPTIMIZATION_LEVEL = "-Onone";
			};
			name = Debug;
		};
		BB9EB9E41D604A8E0024F4A2 /* Release */ = {
			isa = XCBuildConfiguration;
			buildSettings = {
				ALWAYS_SEARCH_USER_PATHS = NO;
				CLANG_ANALYZER_NONNULL = YES;
				CLANG_CXX_LANGUAGE_STANDARD = "gnu++0x";
				CLANG_CXX_LIBRARY = "libc++";
				CLANG_ENABLE_MODULES = YES;
				CLANG_ENABLE_OBJC_ARC = YES;
				CLANG_WARN_BOOL_CONVERSION = YES;
				CLANG_WARN_CONSTANT_CONVERSION = YES;
				CLANG_WARN_DIRECT_OBJC_ISA_USAGE = YES_ERROR;
				CLANG_WARN_EMPTY_BODY = YES;
				CLANG_WARN_ENUM_CONVERSION = YES;
				CLANG_WARN_INT_CONVERSION = YES;
				CLANG_WARN_OBJC_ROOT_CLASS = YES_ERROR;
				CLANG_WARN_UNREACHABLE_CODE = YES;
				CLANG_WARN__DUPLICATE_METHOD_MATCH = YES;
				"CODE_SIGN_IDENTITY[sdk=iphoneos*]" = "iPhone Developer";
				COPY_PHASE_STRIP = NO;
				DEBUG_INFORMATION_FORMAT = "dwarf-with-dsym";
				ENABLE_NS_ASSERTIONS = NO;
				ENABLE_STRICT_OBJC_MSGSEND = YES;
				GCC_C_LANGUAGE_STANDARD = gnu99;
				GCC_NO_COMMON_BLOCKS = YES;
				GCC_WARN_64_TO_32_BIT_CONVERSION = YES;
				GCC_WARN_ABOUT_RETURN_TYPE = YES_ERROR;
				GCC_WARN_UNDECLARED_SELECTOR = YES;
				GCC_WARN_UNINITIALIZED_AUTOS = YES_AGGRESSIVE;
				GCC_WARN_UNUSED_FUNCTION = YES;
				GCC_WARN_UNUSED_VARIABLE = YES;
				IPHONEOS_DEPLOYMENT_TARGET = 9.3;
				MTL_ENABLE_DEBUG_INFO = NO;
				SDKROOT = iphoneos;
				VALIDATE_PRODUCT = YES;
			};
			name = Release;
		};
		BB9EB9E61D604A8E0024F4A2 /* Debug */ = {
			isa = XCBuildConfiguration;
			buildSettings = {
				ASSETCATALOG_COMPILER_APPICON_NAME = AppIcon;
				INFOPLIST_FILE = FinalProjectMedication/Info.plist;
				LD_RUNPATH_SEARCH_PATHS = "$(inherited) @executable_path/Frameworks";
				PRODUCT_BUNDLE_IDENTIFIER = Course.FinalProjectMedication;
				PRODUCT_NAME = "$(TARGET_NAME)";
			};
			name = Debug;
		};
		BB9EB9E71D604A8E0024F4A2 /* Release */ = {
			isa = XCBuildConfiguration;
			buildSettings = {
				ASSETCATALOG_COMPILER_APPICON_NAME = AppIcon;
				INFOPLIST_FILE = FinalProjectMedication/Info.plist;
				LD_RUNPATH_SEARCH_PATHS = "$(inherited) @executable_path/Frameworks";
				PRODUCT_BUNDLE_IDENTIFIER = Course.FinalProjectMedication;
				PRODUCT_NAME = "$(TARGET_NAME)";
			};
			name = Release;
		};
		BB9EB9E91D604A8E0024F4A2 /* Debug */ = {
			isa = XCBuildConfiguration;
			buildSettings = {
				BUNDLE_LOADER = "$(TEST_HOST)";
				INFOPLIST_FILE = FinalProjectMedicationTests/Info.plist;
				LD_RUNPATH_SEARCH_PATHS = "$(inherited) @executable_path/Frameworks @loader_path/Frameworks";
				PRODUCT_BUNDLE_IDENTIFIER = Course.FinalProjectMedicationTests;
				PRODUCT_NAME = "$(TARGET_NAME)";
				TEST_HOST = "$(BUILT_PRODUCTS_DIR)/FinalProjectMedication.app/FinalProjectMedication";
			};
			name = Debug;
		};
		BB9EB9EA1D604A8E0024F4A2 /* Release */ = {
			isa = XCBuildConfiguration;
			buildSettings = {
				BUNDLE_LOADER = "$(TEST_HOST)";
				INFOPLIST_FILE = FinalProjectMedicationTests/Info.plist;
				LD_RUNPATH_SEARCH_PATHS = "$(inherited) @executable_path/Frameworks @loader_path/Frameworks";
				PRODUCT_BUNDLE_IDENTIFIER = Course.FinalProjectMedicationTests;
				PRODUCT_NAME = "$(TARGET_NAME)";
				TEST_HOST = "$(BUILT_PRODUCTS_DIR)/FinalProjectMedication.app/FinalProjectMedication";
			};
			name = Release;
		};
/* End XCBuildConfiguration section */

/* Begin XCConfigurationList section */
		BB9EB9C01D604A8D0024F4A2 /* Build configuration list for PBXProject "FinalProjectMedication" */ = {
			isa = XCConfigurationList;
			buildConfigurations = (
				BB9EB9E31D604A8E0024F4A2 /* Debug */,
				BB9EB9E41D604A8E0024F4A2 /* Release */,
			);
			defaultConfigurationIsVisible = 0;
			defaultConfigurationName = Release;
		};
		BB9EB9E51D604A8E0024F4A2 /* Build configuration list for PBXNativeTarget "FinalProjectMedication" */ = {
			isa = XCConfigurationList;
			buildConfigurations = (
				BB9EB9E61D604A8E0024F4A2 /* Debug */,
				BB9EB9E71D604A8E0024F4A2 /* Release */,
			);
			defaultConfigurationIsVisible = 0;
		};
		BB9EB9E81D604A8E0024F4A2 /* Build configuration list for PBXNativeTarget "FinalProjectMedicationTests" */ = {
			isa = XCConfigurationList;
			buildConfigurations = (
				BB9EB9E91D604A8E0024F4A2 /* Debug */,
				BB9EB9EA1D604A8E0024F4A2 /* Release */,
			);
			defaultConfigurationIsVisible = 0;
		};
/* End XCConfigurationList section */

/* Begin XCVersionGroup section */
		BB9EB9CF1D604A8D0024F4A2 /* FinalProjectMedication.xcdatamodeld */ = {
			isa = XCVersionGroup;
			children = (
				BB9EB9D01D604A8D0024F4A2 /* FinalProjectMedication.xcdatamodel */,
			);
			currentVersion = BB9EB9D01D604A8D0024F4A2 /* FinalProjectMedication.xcdatamodel */;
			path = FinalProjectMedication.xcdatamodeld;
			sourceTree = "<group>";
			versionGroupType = wrapper.xcdatamodel;
		};
/* End XCVersionGroup section */
	};
	rootObject = BB9EB9BD1D604A8D0024F4A2 /* Project object */;
}
